
Microsoft Visual Studio Solution File, Format Version 12.00
Project("{FAE04EC0-301F-11D3-BF4B-00C04F79EFBC}") = "ExchangeTracker.Gateway", "ExchangeTracker.Gateway\ExchangeTracker.Gateway.csproj", "{9A89A91C-894F-4BF4-95C9-CB9DD716A0D0}"
EndProject
Project("{2150E333-8FDC-42A3-9474-1A3956D46DE8}") = "Implementations", "Implementations", "{13D3938A-F4D2-416F-AC3F-B2F4B26839EF}"
EndProject
Project("{2150E333-8FDC-42A3-9474-1A3956D46DE8}") = "Abstractions", "Abstractions", "{5F9E9F24-3ACB-4A41-9396-1CA46EB8F5B9}"
EndProject
Project("{FAE04EC0-301F-11D3-BF4B-00C04F79EFBC}") = "ExchangeTracker.Core", "Implementations\ExchangeTracker.Core\ExchangeTracker.Core.csproj", "{C3D206F5-530F-4D21-A46A-B7DE54028780}"
EndProject
Project("{FAE04EC0-301F-11D3-BF4B-00C04F79EFBC}") = "ExchangeTracker.DAL", "Implementations\ExchangeTracker.DAL\ExchangeTracker.DAL.csproj", "{7E8787D8-E03F-4AEA-AF26-806A90FDB54A}"
EndProject
Project("{2150E333-8FDC-42A3-9474-1A3956D46DE8}") = "ExchangeClients", "ExchangeClients", "{D43CA2DA-7A9F-4A46-8100-62870D4D6376}"
EndProject
Project("{FAE04EC0-301F-11D3-BF4B-00C04F79EFBC}") = "BinanceExchangeClient", "Implementations\Exchanges\BinanceExchangeClient\BinanceExchangeClient.csproj", "{57B9D218-07AA-4849-8ED5-B98097132A81}"
EndProject
Project("{FAE04EC0-301F-11D3-BF4B-00C04F79EFBC}") = "BybitExchangeClient", "Implementations\Exchanges\BybitExchangeClient\BybitExchangeClient.csproj", "{007A2427-3139-4873-8DCB-0AA011105BE9}"
EndProject
Project("{FAE04EC0-301F-11D3-BF4B-00C04F79EFBC}") = "Core.Abstractions", "Abstractions\Core.Abstractions\Core.Abstractions.csproj", "{4CD5432B-8BF7-4ABB-8379-44CF30AFBD67}"
EndProject
Project("{FAE04EC0-301F-11D3-BF4B-00C04F79EFBC}") = "DAL.Abstractions", "Abstractions\DAL.Abstractions\DAL.Abstractions.csproj", "{3363E2DC-4182-43CA-BC53-4F1624CB3C8C}"
EndProject
Project("{FAE04EC0-301F-11D3-BF4B-00C04F79EFBC}") = "ExchangeClients.Abstractions", "Abstractions\ExchangeClients.Abstractions\ExchangeClients.Abstractions.csproj", "{9548D97E-F34E-4E48-9A61-D0E8627A452B}"
EndProject
Project("{FAE04EC0-301F-11D3-BF4B-00C04F79EFBC}") = "ExchangeTracker.Tests", "ExchangeTracker.Tests\ExchangeTracker.Tests.csproj", "{49C98870-21A2-4898-8B03-D5A7B39A0DAF}"
EndProject
Project("{2150E333-8FDC-42A3-9474-1A3956D46DE8}") = "Solution Items", "Solution Items", "{6B47DAE2-2875-466A-A46B-427E8A98CB88}"
	ProjectSection(SolutionItems) = preProject
		compose.yaml = compose.yaml
	EndProjectSection
EndProject
Global
	GlobalSection(SolutionConfigurationPlatforms) = preSolution
		Debug|Any CPU = Debug|Any CPU
		Release|Any CPU = Release|Any CPU
	EndGlobalSection
	GlobalSection(ProjectConfigurationPlatforms) = postSolution
		{9A89A91C-894F-4BF4-95C9-CB9DD716A0D0}.Debug|Any CPU.ActiveCfg = Debug|Any CPU
		{9A89A91C-894F-4BF4-95C9-CB9DD716A0D0}.Debug|Any CPU.Build.0 = Debug|Any CPU
		{9A89A91C-894F-4BF4-95C9-CB9DD716A0D0}.Release|Any CPU.ActiveCfg = Release|Any CPU
		{9A89A91C-894F-4BF4-95C9-CB9DD716A0D0}.Release|Any CPU.Build.0 = Release|Any CPU
		{C3D206F5-530F-4D21-A46A-B7DE54028780}.Debug|Any CPU.ActiveCfg = Debug|Any CPU
		{C3D206F5-530F-4D21-A46A-B7DE54028780}.Debug|Any CPU.Build.0 = Debug|Any CPU
		{C3D206F5-530F-4D21-A46A-B7DE54028780}.Release|Any CPU.ActiveCfg = Release|Any CPU
		{C3D206F5-530F-4D21-A46A-B7DE54028780}.Release|Any CPU.Build.0 = Release|Any CPU
		{7E8787D8-E03F-4AEA-AF26-806A90FDB54A}.Debug|Any CPU.ActiveCfg = Debug|Any CPU
		{7E8787D8-E03F-4AEA-AF26-806A90FDB54A}.Debug|Any CPU.Build.0 = Debug|Any CPU
		{7E8787D8-E03F-4AEA-AF26-806A90FDB54A}.Release|Any CPU.ActiveCfg = Release|Any CPU
		{7E8787D8-E03F-4AEA-AF26-806A90FDB54A}.Release|Any CPU.Build.0 = Release|Any CPU
		{57B9D218-07AA-4849-8ED5-B98097132A81}.Debug|Any CPU.ActiveCfg = Debug|Any CPU
		{57B9D218-07AA-4849-8ED5-B98097132A81}.Debug|Any CPU.Build.0 = Debug|Any CPU
		{57B9D218-07AA-4849-8ED5-B98097132A81}.Release|Any CPU.ActiveCfg = Release|Any CPU
		{57B9D218-07AA-4849-8ED5-B98097132A81}.Release|Any CPU.Build.0 = Release|Any CPU
		{007A2427-3139-4873-8DCB-0AA011105BE9}.Debug|Any CPU.ActiveCfg = Debug|Any CPU
		{007A2427-3139-4873-8DCB-0AA011105BE9}.Debug|Any CPU.Build.0 = Debug|Any CPU
		{007A2427-3139-4873-8DCB-0AA011105BE9}.Release|Any CPU.ActiveCfg = Release|Any CPU
		{007A2427-3139-4873-8DCB-0AA011105BE9}.Release|Any CPU.Build.0 = Release|Any CPU
		{4CD5432B-8BF7-4ABB-8379-44CF30AFBD67}.Debug|Any CPU.ActiveCfg = Debug|Any CPU
		{4CD5432B-8BF7-4ABB-8379-44CF30AFBD67}.Debug|Any CPU.Build.0 = Debug|Any CPU
		{4CD5432B-8BF7-4ABB-8379-44CF30AFBD67}.Release|Any CPU.ActiveCfg = Release|Any CPU
		{4CD5432B-8BF7-4ABB-8379-44CF30AFBD67}.Release|Any CPU.Build.0 = Release|Any CPU
		{3363E2DC-4182-43CA-BC53-4F1624CB3C8C}.Debug|Any CPU.ActiveCfg = Debug|Any CPU
		{3363E2DC-4182-43CA-BC53-4F1624CB3C8C}.Debug|Any CPU.Build.0 = Debug|Any CPU
		{3363E2DC-4182-43CA-BC53-4F1624CB3C8C}.Release|Any CPU.ActiveCfg = Release|Any CPU
		{3363E2DC-4182-43CA-BC53-4F1624CB3C8C}.Release|Any CPU.Build.0 = Release|Any CPU
		{9548D97E-F34E-4E48-9A61-D0E8627A452B}.Debug|Any CPU.ActiveCfg = Debug|Any CPU
		{9548D97E-F34E-4E48-9A61-D0E8627A452B}.Debug|Any CPU.Build.0 = Debug|Any CPU
		{9548D97E-F34E-4E48-9A61-D0E8627A452B}.Release|Any CPU.ActiveCfg = Release|Any CPU
		{9548D97E-F34E-4E48-9A61-D0E8627A452B}.Release|Any CPU.Build.0 = Release|Any CPU
		{49C98870-21A2-4898-8B03-D5A7B39A0DAF}.Debug|Any CPU.ActiveCfg = Debug|Any CPU
		{49C98870-21A2-4898-8B03-D5A7B39A0DAF}.Debug|Any CPU.Build.0 = Debug|Any CPU
		{49C98870-21A2-4898-8B03-D5A7B39A0DAF}.Release|Any CPU.ActiveCfg = Release|Any CPU
		{49C98870-21A2-4898-8B03-D5A7B39A0DAF}.Release|Any CPU.Build.0 = Release|Any CPU
	EndGlobalSection
	GlobalSection(NestedProjects) = preSolution
		{C3D206F5-530F-4D21-A46A-B7DE54028780} = {13D3938A-F4D2-416F-AC3F-B2F4B26839EF}
		{7E8787D8-E03F-4AEA-AF26-806A90FDB54A} = {13D3938A-F4D2-416F-AC3F-B2F4B26839EF}
		{D43CA2DA-7A9F-4A46-8100-62870D4D6376} = {13D3938A-F4D2-416F-AC3F-B2F4B26839EF}
		{57B9D218-07AA-4849-8ED5-B98097132A81} = {D43CA2DA-7A9F-4A46-8100-62870D4D6376}
		{007A2427-3139-4873-8DCB-0AA011105BE9} = {D43CA2DA-7A9F-4A46-8100-62870D4D6376}
		{4CD5432B-8BF7-4ABB-8379-44CF30AFBD67} = {5F9E9F24-3ACB-4A41-9396-1CA46EB8F5B9}
		{3363E2DC-4182-43CA-BC53-4F1624CB3C8C} = {5F9E9F24-3ACB-4A41-9396-1CA46EB8F5B9}
		{9548D97E-F34E-4E48-9A61-D0E8627A452B} = {5F9E9F24-3ACB-4A41-9396-1CA46EB8F5B9}
	EndGlobalSection
EndGlobal
